
Microsoft Visual Studio Solution File, Format Version 12.00
# Visual Studio 2012
Project("{FAE04EC0-301F-11D3-BF4B-00C04F79EFBC}") = "Cliente", "Oblig_Cliente_Servidor\Cliente.csproj", "{364F27D6-5A56-4317-806C-2973FD4837BC}"
EndProject
Project("{FAE04EC0-301F-11D3-BF4B-00C04F79EFBC}") = "Servidor", "Servidor\Servidor.csproj", "{F37C8F9B-0FE6-4BB6-9B13-AB31D6D28602}"
EndProject
Project("{FAE04EC0-301F-11D3-BF4B-00C04F79EFBC}") = "SocketManager", "SocketManager\SocketManager.csproj", "{40AEFC19-09B6-473E-A3E8-CACFE7A1C915}"
EndProject
Global
	GlobalSection(SolutionConfigurationPlatforms) = preSolution
		Debug|Any CPU = Debug|Any CPU
		Release|Any CPU = Release|Any CPU
	EndGlobalSection
	GlobalSection(ProjectConfigurationPlatforms) = postSolution
		{364F27D6-5A56-4317-806C-2973FD4837BC}.Debug|Any CPU.ActiveCfg = Debug|Any CPU
		{364F27D6-5A56-4317-806C-2973FD4837BC}.Debug|Any CPU.Build.0 = Debug|Any CPU
		{364F27D6-5A56-4317-806C-2973FD4837BC}.Release|Any CPU.ActiveCfg = Release|Any CPU
		{364F27D6-5A56-4317-806C-2973FD4837BC}.Release|Any CPU.Build.0 = Release|Any CPU
		{F37C8F9B-0FE6-4BB6-9B13-AB31D6D28602}.Debug|Any CPU.ActiveCfg = Debug|Any CPU
		{F37C8F9B-0FE6-4BB6-9B13-AB31D6D28602}.Debug|Any CPU.Build.0 = Debug|Any CPU
		{F37C8F9B-0FE6-4BB6-9B13-AB31D6D28602}.Release|Any CPU.ActiveCfg = Release|Any CPU
		{F37C8F9B-0FE6-4BB6-9B13-AB31D6D28602}.Release|Any CPU.Build.0 = Release|Any CPU
		{40AEFC19-09B6-473E-A3E8-CACFE7A1C915}.Debug|Any CPU.ActiveCfg = Debug|Any CPU
		{40AEFC19-09B6-473E-A3E8-CACFE7A1C915}.Debug|Any CPU.Build.0 = Debug|Any CPU
		{40AEFC19-09B6-473E-A3E8-CACFE7A1C915}.Release|Any CPU.ActiveCfg = Release|Any CPU
		{40AEFC19-09B6-473E-A3E8-CACFE7A1C915}.Release|Any CPU.Build.0 = Release|Any CPU
	EndGlobalSection
	GlobalSection(SolutionProperties) = preSolution
		HideSolutionNode = FALSE
	EndGlobalSection
EndGlobal
