
Microsoft Visual Studio Solution File, Format Version 12.00
# Visual Studio 2013
VisualStudioVersion = 12.0.21005.1
MinimumVisualStudioVersion = 10.0.40219.1
Project("{FAE04EC0-301F-11D3-BF4B-00C04F79EFBC}") = "Cliente", "Oblig_ClienteServidor\Cliente.csproj", "{6C4975F0-4FCE-4080-A3AE-9B58F7E4CF14}"
EndProject
Project("{FAE04EC0-301F-11D3-BF4B-00C04F79EFBC}") = "Servidor", "Servidor\Servidor.csproj", "{ABB5F997-8946-4A36-9D1A-59D4CA17DA9F}"
EndProject
Global
	GlobalSection(SolutionConfigurationPlatforms) = preSolution
		Debug|Any CPU = Debug|Any CPU
		Release|Any CPU = Release|Any CPU
	EndGlobalSection
	GlobalSection(ProjectConfigurationPlatforms) = postSolution
		{6C4975F0-4FCE-4080-A3AE-9B58F7E4CF14}.Debug|Any CPU.ActiveCfg = Debug|Any CPU
		{6C4975F0-4FCE-4080-A3AE-9B58F7E4CF14}.Debug|Any CPU.Build.0 = Debug|Any CPU
		{6C4975F0-4FCE-4080-A3AE-9B58F7E4CF14}.Release|Any CPU.ActiveCfg = Release|Any CPU
		{6C4975F0-4FCE-4080-A3AE-9B58F7E4CF14}.Release|Any CPU.Build.0 = Release|Any CPU
		{ABB5F997-8946-4A36-9D1A-59D4CA17DA9F}.Debug|Any CPU.ActiveCfg = Debug|Any CPU
		{ABB5F997-8946-4A36-9D1A-59D4CA17DA9F}.Debug|Any CPU.Build.0 = Debug|Any CPU
		{ABB5F997-8946-4A36-9D1A-59D4CA17DA9F}.Release|Any CPU.ActiveCfg = Release|Any CPU
		{ABB5F997-8946-4A36-9D1A-59D4CA17DA9F}.Release|Any CPU.Build.0 = Release|Any CPU
	EndGlobalSection
	GlobalSection(SolutionProperties) = preSolution
		HideSolutionNode = FALSE
	EndGlobalSection
EndGlobal
